
Microsoft Visual Studio Solution File, Format Version 12.00
# Visual Studio Version 16
VisualStudioVersion = 16.0.31005.135
MinimumVisualStudioVersion = 10.0.40219.1
Project("{9A19103F-16F7-4668-BE54-9A1E7A4F7556}") = "myTube", "myTube\myTube.csproj", "{4660E1E3-EAD8-432C-A279-B672DC7DDAC2}"
EndProject
Project("{9A19103F-16F7-4668-BE54-9A1E7A4F7556}") = "myTube.Data", "myTube.Data\myTube.Data.csproj", "{FBD69E36-D730-4D65-A39E-D65CA9D56A91}"
EndProject
Project("{9A19103F-16F7-4668-BE54-9A1E7A4F7556}") = "myTube.Domain", "myTube.Domain\myTube.Domain.csproj", "{A6434D97-C5BE-4967-9529-71AE7AEFAA68}"
EndProject
Project("{9A19103F-16F7-4668-BE54-9A1E7A4F7556}") = "myTube.WS", "myTube.WS\myTube.WS.csproj", "{812BE111-B044-4BD4-892D-1BD055DCD94A}"
EndProject
Project("{9A19103F-16F7-4668-BE54-9A1E7A4F7556}") = "myTube.Services", "myTube.Services\myTube.Services.csproj", "{B2EB2E66-2895-4FA2-A881-6B8F45A22732}"
EndProject
Global
	GlobalSection(SolutionConfigurationPlatforms) = preSolution
		Debug|Any CPU = Debug|Any CPU
		Release|Any CPU = Release|Any CPU
	EndGlobalSection
	GlobalSection(ProjectConfigurationPlatforms) = postSolution
		{4660E1E3-EAD8-432C-A279-B672DC7DDAC2}.Debug|Any CPU.ActiveCfg = Debug|Any CPU
		{4660E1E3-EAD8-432C-A279-B672DC7DDAC2}.Debug|Any CPU.Build.0 = Debug|Any CPU
		{4660E1E3-EAD8-432C-A279-B672DC7DDAC2}.Release|Any CPU.ActiveCfg = Release|Any CPU
		{4660E1E3-EAD8-432C-A279-B672DC7DDAC2}.Release|Any CPU.Build.0 = Release|Any CPU
		{FBD69E36-D730-4D65-A39E-D65CA9D56A91}.Debug|Any CPU.ActiveCfg = Debug|Any CPU
		{FBD69E36-D730-4D65-A39E-D65CA9D56A91}.Debug|Any CPU.Build.0 = Debug|Any CPU
		{FBD69E36-D730-4D65-A39E-D65CA9D56A91}.Release|Any CPU.ActiveCfg = Release|Any CPU
		{FBD69E36-D730-4D65-A39E-D65CA9D56A91}.Release|Any CPU.Build.0 = Release|Any CPU
		{A6434D97-C5BE-4967-9529-71AE7AEFAA68}.Debug|Any CPU.ActiveCfg = Debug|Any CPU
		{A6434D97-C5BE-4967-9529-71AE7AEFAA68}.Debug|Any CPU.Build.0 = Debug|Any CPU
		{A6434D97-C5BE-4967-9529-71AE7AEFAA68}.Release|Any CPU.ActiveCfg = Release|Any CPU
		{A6434D97-C5BE-4967-9529-71AE7AEFAA68}.Release|Any CPU.Build.0 = Release|Any CPU
		{812BE111-B044-4BD4-892D-1BD055DCD94A}.Debug|Any CPU.ActiveCfg = Debug|Any CPU
		{812BE111-B044-4BD4-892D-1BD055DCD94A}.Debug|Any CPU.Build.0 = Debug|Any CPU
		{812BE111-B044-4BD4-892D-1BD055DCD94A}.Release|Any CPU.ActiveCfg = Release|Any CPU
		{812BE111-B044-4BD4-892D-1BD055DCD94A}.Release|Any CPU.Build.0 = Release|Any CPU
		{B2EB2E66-2895-4FA2-A881-6B8F45A22732}.Debug|Any CPU.ActiveCfg = Debug|Any CPU
		{B2EB2E66-2895-4FA2-A881-6B8F45A22732}.Debug|Any CPU.Build.0 = Debug|Any CPU
		{B2EB2E66-2895-4FA2-A881-6B8F45A22732}.Release|Any CPU.ActiveCfg = Release|Any CPU
		{B2EB2E66-2895-4FA2-A881-6B8F45A22732}.Release|Any CPU.Build.0 = Release|Any CPU
	EndGlobalSection
	GlobalSection(SolutionProperties) = preSolution
		HideSolutionNode = FALSE
	EndGlobalSection
	GlobalSection(ExtensibilityGlobals) = postSolution
		SolutionGuid = {0D10A1FF-EE9C-4A2D-9968-76E1B4F9D6B1}
	EndGlobalSection
EndGlobal
